# THIS IS AN AUTOGENERATED FILE. DO NOT EDIT THIS FILE DIRECTLY.
# yarn lockfile v1


nostics@^1.1.4:
  version "1.2.0"
  resolved "https://registry.yarnpkg.com/nostics/-/nostics-1.2.0.tgz#1362df6de2ca8456b521914501abf6c52c4d7fb5"
  integrity sha512-FGqEfhQjrvo1lL8KFifdTQiNwwQHJxC1jtYE1Rc54qF/jxONUNL+kC9gS1krX8Q65PgrQ5fCqH/I4NhWBvdSqg==

pinia@^4.0.2:
  version "4.0.2"
  resolved "https://registry.yarnpkg.com/pinia/-/pinia-4.0.2.tgz#ed71ec5818e6f26cbe8d2f552df8777d3413b615"
  integrity sha512-yKVVA7bSj5oRZFp/Ab9wLlmyb5gPUYEiIm4ryiWTe/xe7PtkRdMVOp1X1ggvq0c6Uj7Q0Du1HnV2mtAwM0Ks1g==
  dependencies:
    nostics "^1.1.4"
